// !$*UTF8*$!
{
	archiveVersion = 1;
	classes = {
	};
	objectVersion = 77;
	objects = {

/* Begin PBXBuildFile section */
		80362A9A2DF9D529009C67F2 /* ManagersPattern.m in Sources */ = {isa = PBXBuildFile; fileRef = 80362A992DF9D529009C67F2 /* ManagersPattern.m */; };
		80362A9D2DFABF5C009C67F2 /* ControllerPattern.m in Sources */ = {isa = PBXBuildFile; fileRef = 80362A9C2DFABF5C009C67F2 /* ControllerPattern.m */; };
		807DE5472DF8712800D2094F /* ProxyPattern.m in Sources */ = {isa = PBXBuildFile; fileRef = 807DE5462DF8712800D2094F /* ProxyPattern.m */; };
		808F8A1B2DC16F26004EA975 /* main.swift in Sources */ = {isa = PBXBuildFile; fileRef = 808F8A1A2DC16F26004EA975 /* main.swift */; };
		808F8A482DCD0136004EA975 /* 3.9.Strategy.swift in Sources */ = {isa = PBXBuildFile; fileRef = 808F8A472DCD0136004EA975 /* 3.9.Strategy.swift */; };
		808F8A4A2DCDDB69004EA975 /* 3.7.Observer.swift in Sources */ = {isa = PBXBuildFile; fileRef = 808F8A492DCDDB69004EA975 /* 3.7.Observer.swift */; };
		808F8A4C2DCDDF6B004EA975 /* 2.4.Decorator.swift in Sources */ = {isa = PBXBuildFile; fileRef = 808F8A4B2DCDDF6B004EA975 /* 2.4.Decorator.swift */; };
		808F8A4E2DCF9AA5004EA975 /* 1.1.SimpleFactory.swift in Sources */ = {isa = PBXBuildFile; fileRef = 808F8A4D2DCF9AA5004EA975 /* 1.1.SimpleFactory.swift */; };
		808F8A522DD0D748004EA975 /* 1.3.FactoryMethod.swift in Sources */ = {isa = PBXBuildFile; fileRef = 808F8A512DD0D748004EA975 /* 1.3.FactoryMethod.swift */; };
		808F8A542DD11323004EA975 /* 1.1.AbstractFactory.swift in Sources */ = {isa = PBXBuildFile; fileRef = 808F8A532DD11323004EA975 /* 1.1.AbstractFactory.swift */; };
		808F8A562DD11A6D004EA975 /* 1.2.Builder.swift in Sources */ = {isa = PBXBuildFile; fileRef = 808F8A552DD11A6D004EA975 /* 1.2.Builder.swift */; };
		808F8AD52DD26AB0004EA975 /* 1.4.Prototype.swift in Sources */ = {isa = PBXBuildFile; fileRef = 808F8AD42DD26AB0004EA975 /* 1.4.Prototype.swift */; };
		808F8AD72DD26CE8004EA975 /* 1.5.Singleton.swift in Sources */ = {isa = PBXBuildFile; fileRef = 808F8AD62DD26CE8004EA975 /* 1.5.Singleton.swift */; };
		808F8AD92DD28075004EA975 /* 2.1.Adapter.swift in Sources */ = {isa = PBXBuildFile; fileRef = 808F8AD82DD28075004EA975 /* 2.1.Adapter.swift */; };
		808F8ADB2DD2854C004EA975 /* 2.3.CompositeFileSystemExample.swift in Sources */ = {isa = PBXBuildFile; fileRef = 808F8ADA2DD2854C004EA975 /* 2.3.CompositeFileSystemExample.swift */; };
		808F8ADD2DD28662004EA975 /* 2.1.AdapterKmmToNative.swift in Sources */ = {isa = PBXBuildFile; fileRef = 808F8ADC2DD28662004EA975 /* 2.1.AdapterKmmToNative.swift */; };
		808F8ADF2DD2870D004EA975 /* 2.2.Bridge.swift in Sources */ = {isa = PBXBuildFile; fileRef = 808F8ADE2DD2870D004EA975 /* 2.2.Bridge.swift */; };
		808F8AE12DD28884004EA975 /* 2.2.BridgeCrossPlathormExample.swift in Sources */ = {isa = PBXBuildFile; fileRef = 808F8AE02DD28884004EA975 /* 2.2.BridgeCrossPlathormExample.swift */; };
		808F8AE32DD288EE004EA975 /* 2.5.Facade.swift in Sources */ = {isa = PBXBuildFile; fileRef = 808F8AE22DD288EE004EA975 /* 2.5.Facade.swift */; };
		808F8AE52DD28B0E004EA975 /* 2.6.Flyweight.swift in Sources */ = {isa = PBXBuildFile; fileRef = 808F8AE42DD28B0E004EA975 /* 2.6.Flyweight.swift */; };
		808F8AE72DD28C75004EA975 /* 2.7.Proxy.swift in Sources */ = {isa = PBXBuildFile; fileRef = 808F8AE62DD28C75004EA975 /* 2.7.Proxy.swift */; };
		808F8AED2DD4DA40004EA975 /* 3.1.ChainOfResponsibility.swift in Sources */ = {isa = PBXBuildFile; fileRef = 808F8AEC2DD4DA40004EA975 /* 3.1.ChainOfResponsibility.swift */; };
		808F8AEF2DD5239F004EA975 /* 3.2.Command.swift in Sources */ = {isa = PBXBuildFile; fileRef = 808F8AEE2DD5239F004EA975 /* 3.2.Command.swift */; };
		808F8AF12DD52963004EA975 /* 3.3.Interpter.swift in Sources */ = {isa = PBXBuildFile; fileRef = 808F8AF02DD52963004EA975 /* 3.3.Interpter.swift */; };
		808F8AF32DD52BF2004EA975 /* 3.4Iterator.swift in Sources */ = {isa = PBXBuildFile; fileRef = 808F8AF22DD52BF2004EA975 /* 3.4Iterator.swift */; };
		808F8AF52DD52C8D004EA975 /* 3.5.Mediator.swift in Sources */ = {isa = PBXBuildFile; fileRef = 808F8AF42DD52C8D004EA975 /* 3.5.Mediator.swift */; };
		808F8AF72DD531E2004EA975 /* 3.6.Memento.swift in Sources */ = {isa = PBXBuildFile; fileRef = 808F8AF62DD531E2004EA975 /* 3.6.Memento.swift */; };
		808F8AF92DD53378004EA975 /* 3.8.State.swift in Sources */ = {isa = PBXBuildFile; fileRef = 808F8AF82DD53378004EA975 /* 3.8.State.swift */; };
		808F8AFB2DD534C3004EA975 /* 3.10.TemplateMethod.swift in Sources */ = {isa = PBXBuildFile; fileRef = 808F8AFA2DD534C3004EA975 /* 3.10.TemplateMethod.swift */; };
		808F8AFD2DD535A6004EA975 /* 31.1.Visitor.swift in Sources */ = {isa = PBXBuildFile; fileRef = 808F8AFC2DD535A6004EA975 /* 31.1.Visitor.swift */; };
		808F8B0E2DD77BA4004EA975 /* 4.1.ThreadPool.swift in Sources */ = {isa = PBXBuildFile; fileRef = 808F8B0D2DD77BA4004EA975 /* 4.1.ThreadPool.swift */; };
		808F8B132DD88674004EA975 /* TwoStageCreation.m in Sources */ = {isa = PBXBuildFile; fileRef = 808F8B122DD88674004EA975 /* TwoStageCreation.m */; };
		808F8B172DD9D461004EA975 /* TemplateMethod_DataProcessor.m in Sources */ = {isa = PBXBuildFile; fileRef = 808F8B162DD9D461004EA975 /* TemplateMethod_DataProcessor.m */; };
		808F8B1B2DDB52A0004EA975 /* DynamicCreation.m in Sources */ = {isa = PBXBuildFile; fileRef = 808F8B1A2DDB529F004EA975 /* DynamicCreation.m */; };
		808F8B1E2DDC9188004EA975 /* Category.m in Sources */ = {isa = PBXBuildFile; fileRef = 808F8B1D2DDC9188004EA975 /* Category.m */; };
		808F8B212DDD9CC3004EA975 /* AnonymousContainer.m in Sources */ = {isa = PBXBuildFile; fileRef = 808F8B202DDD9CC3004EA975 /* AnonymousContainer.m */; };
		808F8B242DDF0982004EA975 /* EnumeratorPattern.m in Sources */ = {isa = PBXBuildFile; fileRef = 808F8B232DDF0982004EA975 /* EnumeratorPattern.m */; };
		80A0CA372DE06257003890DF /* PerformSelector.m in Sources */ = {isa = PBXBuildFile; fileRef = 80A0CA362DE06257003890DF /* PerformSelector.m */; };
		80A0CA3A2DE1ACEC003890DF /* AccessorsPattern.m in Sources */ = {isa = PBXBuildFile; fileRef = 80A0CA392DE1ACEB003890DF /* AccessorsPattern.m */; };
		80A0CA3D2DE32D22003890DF /* ArchivingPattern.m in Sources */ = {isa = PBXBuildFile; fileRef = 80A0CA3C2DE32D22003890DF /* ArchivingPattern.m */; };
		80A0CA402DE45E5A003890DF /* CopyingPattern.m in Sources */ = {isa = PBXBuildFile; fileRef = 80A0CA3F2DE45E5A003890DF /* CopyingPattern.m */; };
		80A0CA462DE5A2F9003890DF /* SingletonPatternObj.m in Sources */ = {isa = PBXBuildFile; fileRef = 80A0CA452DE5A2F9003890DF /* SingletonPatternObj.m */; };
		80A0CA492DE70D75003890DF /* NotificationsPattern.m in Sources */ = {isa = PBXBuildFile; fileRef = 80A0CA482DE70D75003890DF /* NotificationsPattern.m */; };
		80A0CA682DE8699F003890DF /* DelegatePattern.m in Sources */ = {isa = PBXBuildFile; fileRef = 80A0CA672DE8699F003890DF /* DelegatePattern.m */; };
		80A0CA872DE9C11C003890DF /* HierarchiesPattern.m in Sources */ = {isa = PBXBuildFile; fileRef = 80A0CA862DE9C11C003890DF /* HierarchiesPattern.m */; };
		80A0CAA62DEAE74E003890DF /* OutletsTargetsActionsPattern.m in Sources */ = {isa = PBXBuildFile; fileRef = 80A0CAA52DEAE74E003890DF /* OutletsTargetsActionsPattern.m */; };
		80A0CAA92DEC4783003890DF /* ResponderChainPattern.m in Sources */ = {isa = PBXBuildFile; fileRef = 80A0CAA82DEC4783003890DF /* ResponderChainPattern.m */; };
		80A0CAAC2DED9AE6003890DF /* AssociativeStoragePattern.m in Sources */ = {isa = PBXBuildFile; fileRef = 80A0CAAB2DED9AE6003890DF /* AssociativeStoragePattern.m */; };
		80A0CACB2DEED9A6003890DF /* InvocationPattern.m in Sources */ = {isa = PBXBuildFile; fileRef = 80A0CACA2DEED9A6003890DF /* InvocationPattern.m */; };
		80A0CACE2DF06CD8003890DF /* PrototypePattern.m in Sources */ = {isa = PBXBuildFile; fileRef = 80A0CACD2DF06CD8003890DF /* PrototypePattern.m */; };
		80A0CAED2DF17E91003890DF /* FlyweightPattern.m in Sources */ = {isa = PBXBuildFile; fileRef = 80A0CAEC2DF17E91003890DF /* FlyweightPattern.m */; };
		80A0CAF02DF3292F003890DF /* DecoratorPattern.m in Sources */ = {isa = PBXBuildFile; fileRef = 80A0CAEF2DF3292F003890DF /* DecoratorPattern.m */; };
		80A0CB0F2DF45EBB003890DF /* BundlePattern.m in Sources */ = {isa = PBXBuildFile; fileRef = 80A0CB0E2DF45EBB003890DF /* BundlePattern.m */; };
		80A0CB122DF59EED003890DF /* ClassClustersPatterns.m in Sources */ = {isa = PBXBuildFile; fileRef = 80A0CB112DF59EED003890DF /* ClassClustersPatterns.m */; };
		80F484CF2DF6F55900F7084B /* FacadePattern.m in Sources */ = {isa = PBXBuildFile; fileRef = 80F484CE2DF6F55900F7084B /* FacadePattern.m */; };
/* End PBXBuildFile section */

/* Begin PBXCopyFilesBuildPhase section */
		808F8A052DC01112004EA975 /* CopyFiles */ = {
			isa = PBXCopyFilesBuildPhase;
			buildActionMask = 2147483647;
			dstPath = /usr/share/man/man1/;
			dstSubfolderSpec = 0;
			files = (
			);
			runOnlyForDeploymentPostprocessing = 1;
		};
/* End PBXCopyFilesBuildPhase section */

/* Begin PBXFileReference section */
		80362A982DF9D529009C67F2 /* ManagersPattern.h */ = {isa = PBXFileReference; lastKnownFileType = sourcecode.c.h; path = ManagersPattern.h; sourceTree = "<group>"; };
		80362A992DF9D529009C67F2 /* ManagersPattern.m */ = {isa = PBXFileReference; lastKnownFileType = sourcecode.c.objc; path = ManagersPattern.m; sourceTree = "<group>"; };
		80362A9B2DFABF5C009C67F2 /* ControllerPattern.h */ = {isa = PBXFileReference; lastKnownFileType = sourcecode.c.h; path = ControllerPattern.h; sourceTree = "<group>"; };
		80362A9C2DFABF5C009C67F2 /* ControllerPattern.m */ = {isa = PBXFileReference; lastKnownFileType = sourcecode.c.objc; path = ControllerPattern.m; sourceTree = "<group>"; };
		807DE5452DF8712800D2094F /* ProxyPattern.h */ = {isa = PBXFileReference; lastKnownFileType = sourcecode.c.h; path = ProxyPattern.h; sourceTree = "<group>"; };
		807DE5462DF8712800D2094F /* ProxyPattern.m */ = {isa = PBXFileReference; lastKnownFileType = sourcecode.c.objc; path = ProxyPattern.m; sourceTree = "<group>"; };
		808F8A072DC01112004EA975 /* Dynamic_Examples */ = {isa = PBXFileReference; explicitFileType = "compiled.mach-o.executable"; includeInIndex = 0; path = Dynamic_Examples; sourceTree = BUILT_PRODUCTS_DIR; };
		808F8A1A2DC16F26004EA975 /* main.swift */ = {isa = PBXFileReference; lastKnownFileType = sourcecode.swift; path = main.swift; sourceTree = "<group>"; };
		808F8A472DCD0136004EA975 /* 3.9.Strategy.swift */ = {isa = PBXFileReference; lastKnownFileType = sourcecode.swift; path = 3.9.Strategy.swift; sourceTree = "<group>"; };
		808F8A492DCDDB69004EA975 /* 3.7.Observer.swift */ = {isa = PBXFileReference; lastKnownFileType = sourcecode.swift; path = 3.7.Observer.swift; sourceTree = "<group>"; };
		808F8A4B2DCDDF6B004EA975 /* 2.4.Decorator.swift */ = {isa = PBXFileReference; lastKnownFileType = sourcecode.swift; path = 2.4.Decorator.swift; sourceTree = "<group>"; };
		808F8A4D2DCF9AA5004EA975 /* 1.1.SimpleFactory.swift */ = {isa = PBXFileReference; lastKnownFileType = sourcecode.swift; path = 1.1.SimpleFactory.swift; sourceTree = "<group>"; };
		808F8A502DD0D6A6004EA975 /* Patterns_ru.rtf */ = {isa = PBXFileReference; lastKnownFileType = text.rtf; path = Patterns_ru.rtf; sourceTree = "<group>"; };
		808F8A512DD0D748004EA975 /* 1.3.FactoryMethod.swift */ = {isa = PBXFileReference; lastKnownFileType = sourcecode.swift; path = 1.3.FactoryMethod.swift; sourceTree = "<group>"; };
		808F8A532DD11323004EA975 /* 1.1.AbstractFactory.swift */ = {isa = PBXFileReference; lastKnownFileType = sourcecode.swift; path = 1.1.AbstractFactory.swift; sourceTree = "<group>"; };
		808F8A552DD11A6D004EA975 /* 1.2.Builder.swift */ = {isa = PBXFileReference; lastKnownFileType = sourcecode.swift; path = 1.2.Builder.swift; sourceTree = "<group>"; };
		808F8AD42DD26AB0004EA975 /* 1.4.Prototype.swift */ = {isa = PBXFileReference; lastKnownFileType = sourcecode.swift; path = 1.4.Prototype.swift; sourceTree = "<group>"; };
		808F8AD62DD26CE8004EA975 /* 1.5.Singleton.swift */ = {isa = PBXFileReference; lastKnownFileType = sourcecode.swift; path = 1.5.Singleton.swift; sourceTree = "<group>"; };
		808F8AD82DD28075004EA975 /* 2.1.Adapter.swift */ = {isa = PBXFileReference; lastKnownFileType = sourcecode.swift; path = 2.1.Adapter.swift; sourceTree = "<group>"; };
		808F8ADA2DD2854C004EA975 /* 2.3.CompositeFileSystemExample.swift */ = {isa = PBXFileReference; lastKnownFileType = sourcecode.swift; path = 2.3.CompositeFileSystemExample.swift; sourceTree = "<group>"; };
		808F8ADC2DD28662004EA975 /* 2.1.AdapterKmmToNative.swift */ = {isa = PBXFileReference; lastKnownFileType = sourcecode.swift; path = 2.1.AdapterKmmToNative.swift; sourceTree = "<group>"; };
		808F8ADE2DD2870D004EA975 /* 2.2.Bridge.swift */ = {isa = PBXFileReference; lastKnownFileType = sourcecode.swift; path = 2.2.Bridge.swift; sourceTree = "<group>"; };
		808F8AE02DD28884004EA975 /* 2.2.BridgeCrossPlathormExample.swift */ = {isa = PBXFileReference; lastKnownFileType = sourcecode.swift; path = 2.2.BridgeCrossPlathormExample.swift; sourceTree = "<group>"; };
		808F8AE22DD288EE004EA975 /* 2.5.Facade.swift */ = {isa = PBXFileReference; lastKnownFileType = sourcecode.swift; path = 2.5.Facade.swift; sourceTree = "<group>"; };
		808F8AE42DD28B0E004EA975 /* 2.6.Flyweight.swift */ = {isa = PBXFileReference; lastKnownFileType = sourcecode.swift; path = 2.6.Flyweight.swift; sourceTree = "<group>"; };
		808F8AE62DD28C75004EA975 /* 2.7.Proxy.swift */ = {isa = PBXFileReference; lastKnownFileType = sourcecode.swift; path = 2.7.Proxy.swift; sourceTree = "<group>"; };
		808F8AEC2DD4DA40004EA975 /* 3.1.ChainOfResponsibility.swift */ = {isa = PBXFileReference; lastKnownFileType = sourcecode.swift; path = 3.1.ChainOfResponsibility.swift; sourceTree = "<group>"; };
		808F8AEE2DD5239F004EA975 /* 3.2.Command.swift */ = {isa = PBXFileReference; lastKnownFileType = sourcecode.swift; path = 3.2.Command.swift; sourceTree = "<group>"; };
		808F8AF02DD52963004EA975 /* 3.3.Interpter.swift */ = {isa = PBXFileReference; lastKnownFileType = sourcecode.swift; path = 3.3.Interpter.swift; sourceTree = "<group>"; };
		808F8AF22DD52BF2004EA975 /* 3.4Iterator.swift */ = {isa = PBXFileReference; lastKnownFileType = sourcecode.swift; path = 3.4Iterator.swift; sourceTree = "<group>"; };
		808F8AF42DD52C8D004EA975 /* 3.5.Mediator.swift */ = {isa = PBXFileReference; lastKnownFileType = sourcecode.swift; path = 3.5.Mediator.swift; sourceTree = "<group>"; };
		808F8AF62DD531E2004EA975 /* 3.6.Memento.swift */ = {isa = PBXFileReference; lastKnownFileType = sourcecode.swift; path = 3.6.Memento.swift; sourceTree = "<group>"; };
		808F8AF82DD53378004EA975 /* 3.8.State.swift */ = {isa = PBXFileReference; lastKnownFileType = sourcecode.swift; path = 3.8.State.swift; sourceTree = "<group>"; };
		808F8AFA2DD534C3004EA975 /* 3.10.TemplateMethod.swift */ = {isa = PBXFileReference; lastKnownFileType = sourcecode.swift; path = 3.10.TemplateMethod.swift; sourceTree = "<group>"; };
		808F8AFC2DD535A6004EA975 /* 31.1.Visitor.swift */ = {isa = PBXFileReference; lastKnownFileType = sourcecode.swift; path = 31.1.Visitor.swift; sourceTree = "<group>"; };
		808F8B0D2DD77BA4004EA975 /* 4.1.ThreadPool.swift */ = {isa = PBXFileReference; lastKnownFileType = sourcecode.swift; path = 4.1.ThreadPool.swift; sourceTree = "<group>"; };
		808F8B102DD88674004EA975 /* Dynamic_Examples-Bridging-Header.h */ = {isa = PBXFileReference; lastKnownFileType = sourcecode.c.h; path = "Dynamic_Examples-Bridging-Header.h"; sourceTree = "<group>"; };
		808F8B112DD88674004EA975 /* TwoStageCreation.h */ = {isa = PBXFileReference; lastKnownFileType = sourcecode.c.h; path = TwoStageCreation.h; sourceTree = "<group>"; };
		808F8B122DD88674004EA975 /* TwoStageCreation.m */ = {isa = PBXFileReference; lastKnownFileType = sourcecode.c.objc; path = TwoStageCreation.m; sourceTree = "<group>"; };
		808F8B142DD88AFA004EA975 /* CoocoaDesignPatterns.png */ = {isa = PBXFileReference; lastKnownFileType = image.png; path = CoocoaDesignPatterns.png; sourceTree = "<group>"; };
		808F8B152DD9D461004EA975 /* TemplateMethod_DataProcessor.h */ = {isa = PBXFileReference; lastKnownFileType = sourcecode.c.h; path = TemplateMethod_DataProcessor.h; sourceTree = "<group>"; };
		808F8B162DD9D461004EA975 /* TemplateMethod_DataProcessor.m */ = {isa = PBXFileReference; lastKnownFileType = sourcecode.c.objc; path = TemplateMethod_DataProcessor.m; sourceTree = "<group>"; };
		808F8B192DDB529F004EA975 /* DynamicCreation.h */ = {isa = PBXFileReference; lastKnownFileType = sourcecode.c.h; path = DynamicCreation.h; sourceTree = "<group>"; };
		808F8B1A2DDB529F004EA975 /* DynamicCreation.m */ = {isa = PBXFileReference; lastKnownFileType = sourcecode.c.objc; path = DynamicCreation.m; sourceTree = "<group>"; };
		808F8B1C2DDC9188004EA975 /* Category.h */ = {isa = PBXFileReference; lastKnownFileType = sourcecode.c.h; path = Category.h; sourceTree = "<group>"; };
		808F8B1D2DDC9188004EA975 /* Category.m */ = {isa = PBXFileReference; lastKnownFileType = sourcecode.c.objc; path = Category.m; sourceTree = "<group>"; };
		808F8B1F2DDD9CC3004EA975 /* AnonymousContainer.h */ = {isa = PBXFileReference; lastKnownFileType = sourcecode.c.h; path = AnonymousContainer.h; sourceTree = "<group>"; };
		808F8B202DDD9CC3004EA975 /* AnonymousContainer.m */ = {isa = PBXFileReference; lastKnownFileType = sourcecode.c.objc; path = AnonymousContainer.m; sourceTree = "<group>"; };
		808F8B222DDF0982004EA975 /* EnumeratorPattern.h */ = {isa = PBXFileReference; lastKnownFileType = sourcecode.c.h; path = EnumeratorPattern.h; sourceTree = "<group>"; };
		808F8B232DDF0982004EA975 /* EnumeratorPattern.m */ = {isa = PBXFileReference; lastKnownFileType = sourcecode.c.objc; path = EnumeratorPattern.m; sourceTree = "<group>"; };
		80A0CA352DE06257003890DF /* PerformSelector.h */ = {isa = PBXFileReference; lastKnownFileType = sourcecode.c.h; path = PerformSelector.h; sourceTree = "<group>"; };
		80A0CA362DE06257003890DF /* PerformSelector.m */ = {isa = PBXFileReference; lastKnownFileType = sourcecode.c.objc; path = PerformSelector.m; sourceTree = "<group>"; };
		80A0CA382DE1ACEB003890DF /* AccessorsPattern.h */ = {isa = PBXFileReference; lastKnownFileType = sourcecode.c.h; path = AccessorsPattern.h; sourceTree = "<group>"; };
		80A0CA392DE1ACEB003890DF /* AccessorsPattern.m */ = {isa = PBXFileReference; lastKnownFileType = sourcecode.c.objc; path = AccessorsPattern.m; sourceTree = "<group>"; };
		80A0CA3B2DE32D22003890DF /* ArchivingPattern.h */ = {isa = PBXFileReference; lastKnownFileType = sourcecode.c.h; path = ArchivingPattern.h; sourceTree = "<group>"; };
		80A0CA3C2DE32D22003890DF /* ArchivingPattern.m */ = {isa = PBXFileReference; lastKnownFileType = sourcecode.c.objc; path = ArchivingPattern.m; sourceTree = "<group>"; };
		80A0CA3E2DE45E5A003890DF /* CopyingPattern.h */ = {isa = PBXFileReference; lastKnownFileType = sourcecode.c.h; path = CopyingPattern.h; sourceTree = "<group>"; };
		80A0CA3F2DE45E5A003890DF /* CopyingPattern.m */ = {isa = PBXFileReference; lastKnownFileType = sourcecode.c.objc; path = CopyingPattern.m; sourceTree = "<group>"; };
		80A0CA442DE5A2F9003890DF /* SingletonPatternObj.h */ = {isa = PBXFileReference; lastKnownFileType = sourcecode.c.h; path = SingletonPatternObj.h; sourceTree = "<group>"; };
		80A0CA452DE5A2F9003890DF /* SingletonPatternObj.m */ = {isa = PBXFileReference; lastKnownFileType = sourcecode.c.objc; path = SingletonPatternObj.m; sourceTree = "<group>"; };
		80A0CA472DE70D75003890DF /* NotificationsPattern.h */ = {isa = PBXFileReference; lastKnownFileType = sourcecode.c.h; path = NotificationsPattern.h; sourceTree = "<group>"; };
		80A0CA482DE70D75003890DF /* NotificationsPattern.m */ = {isa = PBXFileReference; lastKnownFileType = sourcecode.c.objc; path = NotificationsPattern.m; sourceTree = "<group>"; };
		80A0CA662DE8699F003890DF /* DelegatePattern.h */ = {isa = PBXFileReference; lastKnownFileType = sourcecode.c.h; path = DelegatePattern.h; sourceTree = "<group>"; };
		80A0CA672DE8699F003890DF /* DelegatePattern.m */ = {isa = PBXFileReference; lastKnownFileType = sourcecode.c.objc; path = DelegatePattern.m; sourceTree = "<group>"; };
		80A0CA852DE9C11C003890DF /* HierarchiesPattern.h */ = {isa = PBXFileReference; lastKnownFileType = sourcecode.c.h; path = HierarchiesPattern.h; sourceTree = "<group>"; };
		80A0CA862DE9C11C003890DF /* HierarchiesPattern.m */ = {isa = PBXFileReference; lastKnownFileType = sourcecode.c.objc; path = HierarchiesPattern.m; sourceTree = "<group>"; };
		80A0CAA42DEAE74E003890DF /* OutletsTargetsActionsPattern.h */ = {isa = PBXFileReference; lastKnownFileType = sourcecode.c.h; path = OutletsTargetsActionsPattern.h; sourceTree = "<group>"; };
		80A0CAA52DEAE74E003890DF /* OutletsTargetsActionsPattern.m */ = {isa = PBXFileReference; lastKnownFileType = sourcecode.c.objc; path = OutletsTargetsActionsPattern.m; sourceTree = "<group>"; };
		80A0CAA72DEC4783003890DF /* ResponderChainPattern.h */ = {isa = PBXFileReference; lastKnownFileType = sourcecode.c.h; path = ResponderChainPattern.h; sourceTree = "<group>"; };
		80A0CAA82DEC4783003890DF /* ResponderChainPattern.m */ = {isa = PBXFileReference; lastKnownFileType = sourcecode.c.objc; path = ResponderChainPattern.m; sourceTree = "<group>"; };
		80A0CAAA2DED9AE6003890DF /* AssociativeStoragePattern.h */ = {isa = PBXFileReference; lastKnownFileType = sourcecode.c.h; path = AssociativeStoragePattern.h; sourceTree = "<group>"; };
		80A0CAAB2DED9AE6003890DF /* AssociativeStoragePattern.m */ = {isa = PBXFileReference; lastKnownFileType = sourcecode.c.objc; path = AssociativeStoragePattern.m; sourceTree = "<group>"; };
		80A0CAC92DEED9A6003890DF /* InvocationPattern.h */ = {isa = PBXFileReference; lastKnownFileType = sourcecode.c.h; path = InvocationPattern.h; sourceTree = "<group>"; };
		80A0CACA2DEED9A6003890DF /* InvocationPattern.m */ = {isa = PBXFileReference; lastKnownFileType = sourcecode.c.objc; path = InvocationPattern.m; sourceTree = "<group>"; };
		80A0CACC2DF06CD8003890DF /* PrototypePattern.h */ = {isa = PBXFileReference; lastKnownFileType = sourcecode.c.h; path = PrototypePattern.h; sourceTree = "<group>"; };
		80A0CACD2DF06CD8003890DF /* PrototypePattern.m */ = {isa = PBXFileReference; lastKnownFileType = sourcecode.c.objc; path = PrototypePattern.m; sourceTree = "<group>"; };
		80A0CAEB2DF17E91003890DF /* FlyweightPattern.h */ = {isa = PBXFileReference; lastKnownFileType = sourcecode.c.h; path = FlyweightPattern.h; sourceTree = "<group>"; };
		80A0CAEC2DF17E91003890DF /* FlyweightPattern.m */ = {isa = PBXFileReference; lastKnownFileType = sourcecode.c.objc; path = FlyweightPattern.m; sourceTree = "<group>"; };
		80A0CAEE2DF3292F003890DF /* DecoratorPattern.h */ = {isa = PBXFileReference; lastKnownFileType = sourcecode.c.h; path = DecoratorPattern.h; sourceTree = "<group>"; };
		80A0CAEF2DF3292F003890DF /* DecoratorPattern.m */ = {isa = PBXFileReference; lastKnownFileType = sourcecode.c.objc; path = DecoratorPattern.m; sourceTree = "<group>"; };
		80A0CB0D2DF45EBB003890DF /* BundlePattern.h */ = {isa = PBXFileReference; lastKnownFileType = sourcecode.c.h; path = BundlePattern.h; sourceTree = "<group>"; };
		80A0CB0E2DF45EBB003890DF /* BundlePattern.m */ = {isa = PBXFileReference; lastKnownFileType = sourcecode.c.objc; path = BundlePattern.m; sourceTree = "<group>"; };
		80A0CB102DF59EED003890DF /* ClassClustersPatterns.h */ = {isa = PBXFileReference; lastKnownFileType = sourcecode.c.h; path = ClassClustersPatterns.h; sourceTree = "<group>"; };
		80A0CB112DF59EED003890DF /* ClassClustersPatterns.m */ = {isa = PBXFileReference; lastKnownFileType = sourcecode.c.objc; path = ClassClustersPatterns.m; sourceTree = "<group>"; };
		80F484CD2DF6F55900F7084B /* FacadePattern.h */ = {isa = PBXFileReference; lastKnownFileType = sourcecode.c.h; path = FacadePattern.h; sourceTree = "<group>"; };
		80F484CE2DF6F55900F7084B /* FacadePattern.m */ = {isa = PBXFileReference; lastKnownFileType = sourcecode.c.objc; path = FacadePattern.m; sourceTree = "<group>"; };
/* End PBXFileReference section */

/* Begin PBXFileSystemSynchronizedRootGroup section */
		808F8A092DC01112004EA975 /* Dynamic_Examples */ = {
			isa = PBXFileSystemSynchronizedRootGroup;
			path = Dynamic_Examples;
			sourceTree = "<group>";
		};
/* End PBXFileSystemSynchronizedRootGroup section */

/* Begin PBXFrameworksBuildPhase section */
		808F8A042DC01112004EA975 /* Frameworks */ = {
			isa = PBXFrameworksBuildPhase;
			buildActionMask = 2147483647;
			files = (
			);
			runOnlyForDeploymentPostprocessing = 0;
		};
/* End PBXFrameworksBuildPhase section */

/* Begin PBXGroup section */
		808F89FE2DC01112004EA975 = {
			isa = PBXGroup;
			children = (
				808F8A462DCD00EC004EA975 /* Patterns */,
				808F8A092DC01112004EA975 /* Dynamic_Examples */,
				808F8A1A2DC16F26004EA975 /* main.swift */,
				808F8A082DC01112004EA975 /* Products */,
			);
			sourceTree = "<group>";
		};
		808F8A082DC01112004EA975 /* Products */ = {
			isa = PBXGroup;
			children = (
				808F8A072DC01112004EA975 /* Dynamic_Examples */,
			);
			name = Products;
			sourceTree = "<group>";
		};
		808F8A462DCD00EC004EA975 /* Patterns */ = {
			isa = PBXGroup;
			children = (
				808F8B0F2DD885C6004EA975 /* objective-C */,
				808F8A502DD0D6A6004EA975 /* Patterns_ru.rtf */,
				808F8A4D2DCF9AA5004EA975 /* 1.1.SimpleFactory.swift */,
				808F8A532DD11323004EA975 /* 1.1.AbstractFactory.swift */,
				808F8A552DD11A6D004EA975 /* 1.2.Builder.swift */,
				808F8A512DD0D748004EA975 /* 1.3.FactoryMethod.swift */,
				808F8AD42DD26AB0004EA975 /* 1.4.Prototype.swift */,
				808F8AD62DD26CE8004EA975 /* 1.5.Singleton.swift */,
				808F8AD82DD28075004EA975 /* 2.1.Adapter.swift */,
				808F8ADC2DD28662004EA975 /* 2.1.AdapterKmmToNative.swift */,
				808F8ADE2DD2870D004EA975 /* 2.2.Bridge.swift */,
				808F8AE02DD28884004EA975 /* 2.2.BridgeCrossPlathormExample.swift */,
				808F8ADA2DD2854C004EA975 /* 2.3.CompositeFileSystemExample.swift */,
				808F8A4B2DCDDF6B004EA975 /* 2.4.Decorator.swift */,
				808F8AE22DD288EE004EA975 /* 2.5.Facade.swift */,
				808F8AE42DD28B0E004EA975 /* 2.6.Flyweight.swift */,
				808F8AE62DD28C75004EA975 /* 2.7.Proxy.swift */,
				808F8AEC2DD4DA40004EA975 /* 3.1.ChainOfResponsibility.swift */,
				808F8AEE2DD5239F004EA975 /* 3.2.Command.swift */,
				808F8AF02DD52963004EA975 /* 3.3.Interpter.swift */,
				808F8AF22DD52BF2004EA975 /* 3.4Iterator.swift */,
				808F8AF42DD52C8D004EA975 /* 3.5.Mediator.swift */,
				808F8AF62DD531E2004EA975 /* 3.6.Memento.swift */,
				808F8AF82DD53378004EA975 /* 3.8.State.swift */,
				808F8A492DCDDB69004EA975 /* 3.7.Observer.swift */,
				808F8A472DCD0136004EA975 /* 3.9.Strategy.swift */,
				808F8B0D2DD77BA4004EA975 /* 4.1.ThreadPool.swift */,
				808F8AFA2DD534C3004EA975 /* 3.10.TemplateMethod.swift */,
				808F8AFC2DD535A6004EA975 /* 31.1.Visitor.swift */,
			);
			path = Patterns;
			sourceTree = "<group>";
		};
		808F8B0F2DD885C6004EA975 /* objective-C */ = {
			isa = PBXGroup;
			children = (
				808F8B102DD88674004EA975 /* Dynamic_Examples-Bridging-Header.h */,
				808F8B142DD88AFA004EA975 /* CoocoaDesignPatterns.png */,
				808F8B112DD88674004EA975 /* TwoStageCreation.h */,
				808F8B122DD88674004EA975 /* TwoStageCreation.m */,
				808F8B152DD9D461004EA975 /* TemplateMethod_DataProcessor.h */,
				808F8B162DD9D461004EA975 /* TemplateMethod_DataProcessor.m */,
				808F8B192DDB529F004EA975 /* DynamicCreation.h */,
				808F8B1A2DDB529F004EA975 /* DynamicCreation.m */,
				808F8B1C2DDC9188004EA975 /* Category.h */,
				808F8B1D2DDC9188004EA975 /* Category.m */,
				808F8B1F2DDD9CC3004EA975 /* AnonymousContainer.h */,
				808F8B202DDD9CC3004EA975 /* AnonymousContainer.m */,
				808F8B222DDF0982004EA975 /* EnumeratorPattern.h */,
				808F8B232DDF0982004EA975 /* EnumeratorPattern.m */,
				80A0CA352DE06257003890DF /* PerformSelector.h */,
				80A0CA362DE06257003890DF /* PerformSelector.m */,
				80A0CA382DE1ACEB003890DF /* AccessorsPattern.h */,
				80A0CA392DE1ACEB003890DF /* AccessorsPattern.m */,
				80A0CA3B2DE32D22003890DF /* ArchivingPattern.h */,
				80A0CA3C2DE32D22003890DF /* ArchivingPattern.m */,
				80A0CA3E2DE45E5A003890DF /* CopyingPattern.h */,
				80A0CA3F2DE45E5A003890DF /* CopyingPattern.m */,
				80A0CA442DE5A2F9003890DF /* SingletonPatternObj.h */,
				80A0CA452DE5A2F9003890DF /* SingletonPatternObj.m */,
				80A0CA472DE70D75003890DF /* NotificationsPattern.h */,
				80A0CA482DE70D75003890DF /* NotificationsPattern.m */,
				80A0CA662DE8699F003890DF /* DelegatePattern.h */,
				80A0CA672DE8699F003890DF /* DelegatePattern.m */,
				80A0CA852DE9C11C003890DF /* HierarchiesPattern.h */,
				80A0CA862DE9C11C003890DF /* HierarchiesPattern.m */,
				80A0CAA42DEAE74E003890DF /* OutletsTargetsActionsPattern.h */,
				80A0CAA52DEAE74E003890DF /* OutletsTargetsActionsPattern.m */,
				80A0CAA72DEC4783003890DF /* ResponderChainPattern.h */,
				80A0CAA82DEC4783003890DF /* ResponderChainPattern.m */,
				80A0CAAA2DED9AE6003890DF /* AssociativeStoragePattern.h */,
				80A0CAAB2DED9AE6003890DF /* AssociativeStoragePattern.m */,
				80A0CAC92DEED9A6003890DF /* InvocationPattern.h */,
				80A0CACA2DEED9A6003890DF /* InvocationPattern.m */,
				80A0CACC2DF06CD8003890DF /* PrototypePattern.h */,
				80A0CACD2DF06CD8003890DF /* PrototypePattern.m */,
				80A0CAEB2DF17E91003890DF /* FlyweightPattern.h */,
				80A0CAEC2DF17E91003890DF /* FlyweightPattern.m */,
				80A0CAEE2DF3292F003890DF /* DecoratorPattern.h */,
				80A0CAEF2DF3292F003890DF /* DecoratorPattern.m */,
				80A0CB0D2DF45EBB003890DF /* BundlePattern.h */,
				80A0CB0E2DF45EBB003890DF /* BundlePattern.m */,
				80A0CB102DF59EED003890DF /* ClassClustersPatterns.h */,
				80A0CB112DF59EED003890DF /* ClassClustersPatterns.m */,
				80F484CD2DF6F55900F7084B /* FacadePattern.h */,
				80F484CE2DF6F55900F7084B /* FacadePattern.m */,
				807DE5452DF8712800D2094F /* ProxyPattern.h */,
				807DE5462DF8712800D2094F /* ProxyPattern.m */,
				80362A982DF9D529009C67F2 /* ManagersPattern.h */,
				80362A992DF9D529009C67F2 /* ManagersPattern.m */,
				80362A9B2DFABF5C009C67F2 /* ControllerPattern.h */,
				80362A9C2DFABF5C009C67F2 /* ControllerPattern.m */,
			);
			path = "objective-C";
			sourceTree = "<group>";
		};
/* End PBXGroup section */

/* Begin PBXNativeTarget section */
		808F8A062DC01112004EA975 /* Dynamic_Examples */ = {
			isa = PBXNativeTarget;
			buildConfigurationList = 808F8A0E2DC01112004EA975 /* Build configuration list for PBXNativeTarget "Dynamic_Examples" */;
			buildPhases = (
				808F8A032DC01112004EA975 /* Sources */,
				808F8A042DC01112004EA975 /* Frameworks */,
				808F8A052DC01112004EA975 /* CopyFiles */,
			);
			buildRules = (
			);
			dependencies = (
			);
			fileSystemSynchronizedGroups = (
				808F8A092DC01112004EA975 /* Dynamic_Examples */,
			);
			name = Dynamic_Examples;
			packageProductDependencies = (
			);
			productName = Dynamic_Examples;
			productReference = 808F8A072DC01112004EA975 /* Dynamic_Examples */;
			productType = "com.apple.product-type.tool";
		};
/* End PBXNativeTarget section */

/* Begin PBXProject section */
		808F89FF2DC01112004EA975 /* Project object */ = {
			isa = PBXProject;
			attributes = {
				BuildIndependentTargetsInParallel = 1;
				LastSwiftUpdateCheck = 1630;
				LastUpgradeCheck = 2600;
				TargetAttributes = {
					808F8A062DC01112004EA975 = {
						CreatedOnToolsVersion = 16.3;
						LastSwiftMigration = 1630;
					};
				};
			};
			buildConfigurationList = 808F8A022DC01112004EA975 /* Build configuration list for PBXProject "Dynamic_Examples" */;
			developmentRegion = en;
			hasScannedForEncodings = 0;
			knownRegions = (
				en,
				Base,
			);
			mainGroup = 808F89FE2DC01112004EA975;
			minimizedProjectReferenceProxies = 1;
			preferredProjectObjectVersion = 77;
			productRefGroup = 808F8A082DC01112004EA975 /* Products */;
			projectDirPath = "";
			projectRoot = "";
			targets = (
				808F8A062DC01112004EA975 /* Dynamic_Examples */,
			);
		};
/* End PBXProject section */

/* Begin PBXSourcesBuildPhase section */
		808F8A032DC01112004EA975 /* Sources */ = {
			isa = PBXSourcesBuildPhase;
			buildActionMask = 2147483647;
			files = (
				808F8AF52DD52C8D004EA975 /* 3.5.Mediator.swift in Sources */,
				808F8A542DD11323004EA975 /* 1.1.AbstractFactory.swift in Sources */,
				808F8B1E2DDC9188004EA975 /* Category.m in Sources */,
				80A0CACE2DF06CD8003890DF /* PrototypePattern.m in Sources */,
				80A0CAAC2DED9AE6003890DF /* AssociativeStoragePattern.m in Sources */,
				808F8A4A2DCDDB69004EA975 /* 3.7.Observer.swift in Sources */,
				808F8AD72DD26CE8004EA975 /* 1.5.Singleton.swift in Sources */,
				80A0CA492DE70D75003890DF /* NotificationsPattern.m in Sources */,
				808F8B212DDD9CC3004EA975 /* AnonymousContainer.m in Sources */,
				808F8AEF2DD5239F004EA975 /* 3.2.Command.swift in Sources */,
				808F8A4E2DCF9AA5004EA975 /* 1.1.SimpleFactory.swift in Sources */,
				808F8AF32DD52BF2004EA975 /* 3.4Iterator.swift in Sources */,
				80A0CB0F2DF45EBB003890DF /* BundlePattern.m in Sources */,
				808F8B132DD88674004EA975 /* TwoStageCreation.m in Sources */,
				808F8AE32DD288EE004EA975 /* 2.5.Facade.swift in Sources */,
				808F8AE52DD28B0E004EA975 /* 2.6.Flyweight.swift in Sources */,
				808F8AF72DD531E2004EA975 /* 3.6.Memento.swift in Sources */,
				808F8B242DDF0982004EA975 /* EnumeratorPattern.m in Sources */,
				80A0CA402DE45E5A003890DF /* CopyingPattern.m in Sources */,
				80A0CAED2DF17E91003890DF /* FlyweightPattern.m in Sources */,
				80A0CA872DE9C11C003890DF /* HierarchiesPattern.m in Sources */,
				808F8AE72DD28C75004EA975 /* 2.7.Proxy.swift in Sources */,
				80362A9A2DF9D529009C67F2 /* ManagersPattern.m in Sources */,
				80A0CA372DE06257003890DF /* PerformSelector.m in Sources */,
				808F8A482DCD0136004EA975 /* 3.9.Strategy.swift in Sources */,
				807DE5472DF8712800D2094F /* ProxyPattern.m in Sources */,
				808F8ADF2DD2870D004EA975 /* 2.2.Bridge.swift in Sources */,
				808F8B0E2DD77BA4004EA975 /* 4.1.ThreadPool.swift in Sources */,
				808F8AFB2DD534C3004EA975 /* 3.10.TemplateMethod.swift in Sources */,
				808F8B172DD9D461004EA975 /* TemplateMethod_DataProcessor.m in Sources */,
				80A0CA3D2DE32D22003890DF /* ArchivingPattern.m in Sources */,
				80A0CA3A2DE1ACEC003890DF /* AccessorsPattern.m in Sources */,
				80362A9D2DFABF5C009C67F2 /* ControllerPattern.m in Sources */,
				80A0CA462DE5A2F9003890DF /* SingletonPatternObj.m in Sources */,
				808F8B1B2DDB52A0004EA975 /* DynamicCreation.m in Sources */,
				80A0CB122DF59EED003890DF /* ClassClustersPatterns.m in Sources */,
				808F8AD92DD28075004EA975 /* 2.1.Adapter.swift in Sources */,
				808F8AF92DD53378004EA975 /* 3.8.State.swift in Sources */,
				808F8AE12DD28884004EA975 /* 2.2.BridgeCrossPlathormExample.swift in Sources */,
				808F8ADB2DD2854C004EA975 /* 2.3.CompositeFileSystemExample.swift in Sources */,
				80A0CA682DE8699F003890DF /* DelegatePattern.m in Sources */,
				808F8A4C2DCDDF6B004EA975 /* 2.4.Decorator.swift in Sources */,
				80A0CAA62DEAE74E003890DF /* OutletsTargetsActionsPattern.m in Sources */,
				80A0CAF02DF3292F003890DF /* DecoratorPattern.m in Sources */,
				808F8AD52DD26AB0004EA975 /* 1.4.Prototype.swift in Sources */,
				808F8AFD2DD535A6004EA975 /* 31.1.Visitor.swift in Sources */,
				808F8ADD2DD28662004EA975 /* 2.1.AdapterKmmToNative.swift in Sources */,
				80A0CACB2DEED9A6003890DF /* InvocationPattern.m in Sources */,
				808F8A562DD11A6D004EA975 /* 1.2.Builder.swift in Sources */,
				80A0CAA92DEC4783003890DF /* ResponderChainPattern.m in Sources */,
				808F8AF12DD52963004EA975 /* 3.3.Interpter.swift in Sources */,
				80F484CF2DF6F55900F7084B /* FacadePattern.m in Sources */,
				808F8A522DD0D748004EA975 /* 1.3.FactoryMethod.swift in Sources */,
				808F8AED2DD4DA40004EA975 /* 3.1.ChainOfResponsibility.swift in Sources */,
				808F8A1B2DC16F26004EA975 /* main.swift in Sources */,
			);
			runOnlyForDeploymentPostprocessing = 0;
		};
/* End PBXSourcesBuildPhase section */

/* Begin XCBuildConfiguration section */
		808F8A0C2DC01112004EA975 /* Debug */ = {
			isa = XCBuildConfiguration;
			buildSettings = {
				ALWAYS_SEARCH_USER_PATHS = NO;
				ASSETCATALOG_COMPILER_GENERATE_SWIFT_ASSET_SYMBOL_EXTENSIONS = YES;
				CLANG_ANALYZER_NONNULL = YES;
				CLANG_ANALYZER_NUMBER_OBJECT_CONVERSION = YES_AGGRESSIVE;
				CLANG_CXX_LANGUAGE_STANDARD = "gnu++20";
				CLANG_ENABLE_MODULES = YES;
				CLANG_ENABLE_OBJC_ARC = YES;
				CLANG_ENABLE_OBJC_WEAK = YES;
				CLANG_WARN_BLOCK_CAPTURE_AUTORELEASING = YES;
				CLANG_WARN_BOOL_CONVERSION = YES;
				CLANG_WARN_COMMA = YES;
				CLANG_WARN_CONSTANT_CONVERSION = YES;
				CLANG_WARN_DEPRECATED_OBJC_IMPLEMENTATIONS = YES;
				CLANG_WARN_DIRECT_OBJC_ISA_USAGE = YES_ERROR;
				CLANG_WARN_DOCUMENTATION_COMMENTS = YES;
				CLANG_WARN_EMPTY_BODY = YES;
				CLANG_WARN_ENUM_CONVERSION = YES;
				CLANG_WARN_INFINITE_RECURSION = YES;
				CLANG_WARN_INT_CONVERSION = YES;
				CLANG_WARN_NON_LITERAL_NULL_CONVERSION = YES;
				CLANG_WARN_OBJC_IMPLICIT_RETAIN_SELF = YES;
				CLANG_WARN_OBJC_LITERAL_CONVERSION = YES;
				CLANG_WARN_OBJC_ROOT_CLASS = YES_ERROR;
				CLANG_WARN_QUOTED_INCLUDE_IN_FRAMEWORK_HEADER = YES;
				CLANG_WARN_RANGE_LOOP_ANALYSIS = YES;
				CLANG_WARN_STRICT_PROTOTYPES = YES;
				CLANG_WARN_SUSPICIOUS_MOVE = YES;
				CLANG_WARN_UNGUARDED_AVAILABILITY = YES_AGGRESSIVE;
				CLANG_WARN_UNREACHABLE_CODE = YES;
				CLANG_WARN__DUPLICATE_METHOD_MATCH = YES;
				COPY_PHASE_STRIP = NO;
				DEAD_CODE_STRIPPING = YES;
				DEBUG_INFORMATION_FORMAT = dwarf;
				DEVELOPMENT_TEAM = UQ5ENR6258;
				ENABLE_STRICT_OBJC_MSGSEND = YES;
				ENABLE_TESTABILITY = YES;
				ENABLE_USER_SCRIPT_SANDBOXING = YES;
				GCC_C_LANGUAGE_STANDARD = gnu17;
				GCC_DYNAMIC_NO_PIC = NO;
				GCC_NO_COMMON_BLOCKS = YES;
				GCC_OPTIMIZATION_LEVEL = 0;
				GCC_PREPROCESSOR_DEFINITIONS = (
					"DEBUG=1",
					"$(inherited)",
				);
				GCC_WARN_64_TO_32_BIT_CONVERSION = YES;
				GCC_WARN_ABOUT_RETURN_TYPE = YES_ERROR;
				GCC_WARN_UNDECLARED_SELECTOR = YES;
				GCC_WARN_UNINITIALIZED_AUTOS = YES_AGGRESSIVE;
				GCC_WARN_UNUSED_FUNCTION = YES;
				GCC_WARN_UNUSED_VARIABLE = YES;
				LOCALIZATION_PREFERS_STRING_CATALOGS = YES;
				MACOSX_DEPLOYMENT_TARGET = 15.4;
				MTL_ENABLE_DEBUG_INFO = INCLUDE_SOURCE;
				MTL_FAST_MATH = YES;
				ONLY_ACTIVE_ARCH = YES;
				SDKROOT = macosx;
				STRING_CATALOG_GENERATE_SYMBOLS = YES;
				SWIFT_ACTIVE_COMPILATION_CONDITIONS = "DEBUG $(inherited)";
				SWIFT_OPTIMIZATION_LEVEL = "-Onone";
			};
			name = Debug;
		};
		808F8A0D2DC01112004EA975 /* Release */ = {
			isa = XCBuildConfiguration;
			buildSettings = {
				ALWAYS_SEARCH_USER_PATHS = NO;
				ASSETCATALOG_COMPILER_GENERATE_SWIFT_ASSET_SYMBOL_EXTENSIONS = YES;
				CLANG_ANALYZER_NONNULL = YES;
				CLANG_ANALYZER_NUMBER_OBJECT_CONVERSION = YES_AGGRESSIVE;
				CLANG_CXX_LANGUAGE_STANDARD = "gnu++20";
				CLANG_ENABLE_MODULES = YES;
				CLANG_ENABLE_OBJC_ARC = YES;
				CLANG_ENABLE_OBJC_WEAK = YES;
				CLANG_WARN_BLOCK_CAPTURE_AUTORELEASING = YES;
				CLANG_WARN_BOOL_CONVERSION = YES;
				CLANG_WARN_COMMA = YES;
				CLANG_WARN_CONSTANT_CONVERSION = YES;
				CLANG_WARN_DEPRECATED_OBJC_IMPLEMENTATIONS = YES;
				CLANG_WARN_DIRECT_OBJC_ISA_USAGE = YES_ERROR;
				CLANG_WARN_DOCUMENTATION_COMMENTS = YES;
				CLANG_WARN_EMPTY_BODY = YES;
				CLANG_WARN_ENUM_CONVERSION = YES;
				CLANG_WARN_INFINITE_RECURSION = YES;
				CLANG_WARN_INT_CONVERSION = YES;
				CLANG_WARN_NON_LITERAL_NULL_CONVERSION = YES;
				CLANG_WARN_OBJC_IMPLICIT_RETAIN_SELF = YES;
				CLANG_WARN_OBJC_LITERAL_CONVERSION = YES;
				CLANG_WARN_OBJC_ROOT_CLASS = YES_ERROR;
				CLANG_WARN_QUOTED_INCLUDE_IN_FRAMEWORK_HEADER = YES;
				CLANG_WARN_RANGE_LOOP_ANALYSIS = YES;
				CLANG_WARN_STRICT_PROTOTYPES = YES;
				CLANG_WARN_SUSPICIOUS_MOVE = YES;
				CLANG_WARN_UNGUARDED_AVAILABILITY = YES_AGGRESSIVE;
				CLANG_WARN_UNREACHABLE_CODE = YES;
				CLANG_WARN__DUPLICATE_METHOD_MATCH = YES;
				COPY_PHASE_STRIP = NO;
				DEAD_CODE_STRIPPING = YES;
				DEBUG_INFORMATION_FORMAT = "dwarf-with-dsym";
				DEVELOPMENT_TEAM = UQ5ENR6258;
				ENABLE_NS_ASSERTIONS = NO;
				ENABLE_STRICT_OBJC_MSGSEND = YES;
				ENABLE_USER_SCRIPT_SANDBOXING = YES;
				GCC_C_LANGUAGE_STANDARD = gnu17;
				GCC_NO_COMMON_BLOCKS = YES;
				GCC_WARN_64_TO_32_BIT_CONVERSION = YES;
				GCC_WARN_ABOUT_RETURN_TYPE = YES_ERROR;
				GCC_WARN_UNDECLARED_SELECTOR = YES;
				GCC_WARN_UNINITIALIZED_AUTOS = YES_AGGRESSIVE;
				GCC_WARN_UNUSED_FUNCTION = YES;
				GCC_WARN_UNUSED_VARIABLE = YES;
				LOCALIZATION_PREFERS_STRING_CATALOGS = YES;
				MACOSX_DEPLOYMENT_TARGET = 15.4;
				MTL_ENABLE_DEBUG_INFO = NO;
				MTL_FAST_MATH = YES;
				SDKROOT = macosx;
				STRING_CATALOG_GENERATE_SYMBOLS = YES;
				SWIFT_COMPILATION_MODE = wholemodule;
			};
			name = Release;
		};
		808F8A0F2DC01112004EA975 /* Debug */ = {
			isa = XCBuildConfiguration;
			buildSettings = {
				CLANG_ENABLE_MODULES = YES;
				CODE_SIGN_STYLE = Automatic;
				DEAD_CODE_STRIPPING = YES;
				DEVELOPMENT_TEAM = UQ5ENR6258;
				ENABLE_HARDENED_RUNTIME = YES;
				PRODUCT_NAME = "$(TARGET_NAME)";
				SWIFT_OBJC_BRIDGING_HEADER = "Patterns/objective-C/Dynamic_Examples-Bridging-Header.h";
				SWIFT_OPTIMIZATION_LEVEL = "-Onone";
				SWIFT_VERSION = 5.0;
			};
			name = Debug;
		};
		808F8A102DC01112004EA975 /* Release */ = {
			isa = XCBuildConfiguration;
			buildSettings = {
				CLANG_ENABLE_MODULES = YES;
				CODE_SIGN_STYLE = Automatic;
				DEAD_CODE_STRIPPING = YES;
				DEVELOPMENT_TEAM = UQ5ENR6258;
				ENABLE_HARDENED_RUNTIME = YES;
				PRODUCT_NAME = "$(TARGET_NAME)";
				SWIFT_OBJC_BRIDGING_HEADER = "Patterns/objective-C/Dynamic_Examples-Bridging-Header.h";
				SWIFT_VERSION = 5.0;
			};
			name = Release;
		};
/* End XCBuildConfiguration section */

/* Begin XCConfigurationList section */
		808F8A022DC01112004EA975 /* Build configuration list for PBXProject "Dynamic_Examples" */ = {
			isa = XCConfigurationList;
			buildConfigurations = (
				808F8A0C2DC01112004EA975 /* Debug */,
				808F8A0D2DC01112004EA975 /* Release */,
			);
			defaultConfigurationIsVisible = 0;
			defaultConfigurationName = Release;
		};
		808F8A0E2DC01112004EA975 /* Build configuration list for PBXNativeTarget "Dynamic_Examples" */ = {
			isa = XCConfigurationList;
			buildConfigurations = (
				808F8A0F2DC01112004EA975 /* Debug */,
				808F8A102DC01112004EA975 /* Release */,
			);
			defaultConfigurationIsVisible = 0;
			defaultConfigurationName = Release;
		};
/* End XCConfigurationList section */
	};
	rootObject = 808F89FF2DC01112004EA975 /* Project object */;
}
